
Microsoft Visual Studio Solution File, Format Version 12.00
# Visual Studio Version 17
VisualStudioVersion = 17.8.34330.188
MinimumVisualStudioVersion = 10.0.40219.1
Project("{9A19103F-16F7-4668-BE54-9A1E7A4F7556}") = "BebopTransferService", "BebopTransferService\BebopTransferService.csproj", "{87C3D2DF-595C-43EE-AF12-2DA86E5C2B1A}"
EndProject
Project("{FAE04EC0-301F-11D3-BF4B-00C04F79EFBC}") = "BebopTransferService.Domain", "BebopTransferService.Domain\BebopTransferService.Domain.csproj", "{60800794-F297-4D9A-8A0D-8EA0B143FF2D}"
EndProject
Project("{FAE04EC0-301F-11D3-BF4B-00C04F79EFBC}") = "BebopTransferService.Infrastructure", "BebopTransferService.Infrastructure\BebopTransferService.Infrastructure.csproj", "{7904C742-5D5F-4C61-ABD1-77413C502E23}"
EndProject
Project("{FAE04EC0-301F-11D3-BF4B-00C04F79EFBC}") = "BebopTransferService.Workers", "BebopTransferService.Workers\BebopTransferService.Workers.csproj", "{94E21906-F9A0-4BF8-8E41-CEE48CD0BC8D}"
EndProject
Project("{FAE04EC0-301F-11D3-BF4B-00C04F79EFBC}") = "BebopTransferService.Application", "BebopTransferService.Application\BebopTransferService.Application.csproj", "{2166DB67-29EA-41AE-B591-307013715387}"
EndProject
Global
	GlobalSection(SolutionConfigurationPlatforms) = preSolution
		Debug|Any CPU = Debug|Any CPU
		Release|Any CPU = Release|Any CPU
	EndGlobalSection
	GlobalSection(ProjectConfigurationPlatforms) = postSolution
		{87C3D2DF-595C-43EE-AF12-2DA86E5C2B1A}.Debug|Any CPU.ActiveCfg = Debug|Any CPU
		{87C3D2DF-595C-43EE-AF12-2DA86E5C2B1A}.Debug|Any CPU.Build.0 = Debug|Any CPU
		{87C3D2DF-595C-43EE-AF12-2DA86E5C2B1A}.Release|Any CPU.ActiveCfg = Release|Any CPU
		{87C3D2DF-595C-43EE-AF12-2DA86E5C2B1A}.Release|Any CPU.Build.0 = Release|Any CPU
		{60800794-F297-4D9A-8A0D-8EA0B143FF2D}.Debug|Any CPU.ActiveCfg = Debug|Any CPU
		{60800794-F297-4D9A-8A0D-8EA0B143FF2D}.Debug|Any CPU.Build.0 = Debug|Any CPU
		{60800794-F297-4D9A-8A0D-8EA0B143FF2D}.Release|Any CPU.ActiveCfg = Release|Any CPU
		{60800794-F297-4D9A-8A0D-8EA0B143FF2D}.Release|Any CPU.Build.0 = Release|Any CPU
		{7904C742-5D5F-4C61-ABD1-77413C502E23}.Debug|Any CPU.ActiveCfg = Debug|Any CPU
		{7904C742-5D5F-4C61-ABD1-77413C502E23}.Debug|Any CPU.Build.0 = Debug|Any CPU
		{7904C742-5D5F-4C61-ABD1-77413C502E23}.Release|Any CPU.ActiveCfg = Release|Any CPU
		{7904C742-5D5F-4C61-ABD1-77413C502E23}.Release|Any CPU.Build.0 = Release|Any CPU
		{94E21906-F9A0-4BF8-8E41-CEE48CD0BC8D}.Debug|Any CPU.ActiveCfg = Debug|Any CPU
		{94E21906-F9A0-4BF8-8E41-CEE48CD0BC8D}.Debug|Any CPU.Build.0 = Debug|Any CPU
		{94E21906-F9A0-4BF8-8E41-CEE48CD0BC8D}.Release|Any CPU.ActiveCfg = Release|Any CPU
		{94E21906-F9A0-4BF8-8E41-CEE48CD0BC8D}.Release|Any CPU.Build.0 = Release|Any CPU
		{2166DB67-29EA-41AE-B591-307013715387}.Debug|Any CPU.ActiveCfg = Debug|Any CPU
		{2166DB67-29EA-41AE-B591-307013715387}.Debug|Any CPU.Build.0 = Debug|Any CPU
		{2166DB67-29EA-41AE-B591-307013715387}.Release|Any CPU.ActiveCfg = Release|Any CPU
		{2166DB67-29EA-41AE-B591-307013715387}.Release|Any CPU.Build.0 = Release|Any CPU
	EndGlobalSection
	GlobalSection(SolutionProperties) = preSolution
		HideSolutionNode = FALSE
	EndGlobalSection
	GlobalSection(ExtensibilityGlobals) = postSolution
		SolutionGuid = {DE40A09D-2C5B-4E1F-B1B5-BA90A42D2029}
	EndGlobalSection
EndGlobal
